
Microsoft Visual Studio Solution File, Format Version 12.00
# Visual Studio Version 16
VisualStudioVersion = 16.0.33130.400
MinimumVisualStudioVersion = 10.0.40219.1
Project("{FAE04EC0-301F-11D3-BF4B-00C04F79EFBC}") = "prakt11_1_Shengals", "prakt11_1_Shengals.csproj", "{F526C56C-FD4C-4353-9C18-9641A0F0DA0A}"
EndProject
Global
	GlobalSection(SolutionConfigurationPlatforms) = preSolution
		Debug|Any CPU = Debug|Any CPU
		Release|Any CPU = Release|Any CPU
	EndGlobalSection
	GlobalSection(ProjectConfigurationPlatforms) = postSolution
		{F526C56C-FD4C-4353-9C18-9641A0F0DA0A}.Debug|Any CPU.ActiveCfg = Debug|Any CPU
		{F526C56C-FD4C-4353-9C18-9641A0F0DA0A}.Debug|Any CPU.Build.0 = Debug|Any CPU
		{F526C56C-FD4C-4353-9C18-9641A0F0DA0A}.Release|Any CPU.ActiveCfg = Release|Any CPU
		{F526C56C-FD4C-4353-9C18-9641A0F0DA0A}.Release|Any CPU.Build.0 = Release|Any CPU
	EndGlobalSection
	GlobalSection(SolutionProperties) = preSolution
		HideSolutionNode = FALSE
	EndGlobalSection
	GlobalSection(ExtensibilityGlobals) = postSolution
		SolutionGuid = {94A58879-AFE3-4419-9210-AFC9DC685CC6}
	EndGlobalSection
EndGlobal
